
Microsoft Visual Studio Solution File, Format Version 12.00
# Visual Studio Version 16
VisualStudioVersion = 16.0.30002.166
MinimumVisualStudioVersion = 10.0.40219.1
Project("{FAE04EC0-301F-11D3-BF4B-00C04F79EFBC}") = "GetRegitryInfo", "GetRegitryInfo\GetRegitryInfo.csproj", "{957AEDE9-2139-405C-8654-95869C6A1D3B}"
EndProject
Global
	GlobalSection(SolutionConfigurationPlatforms) = preSolution
		Debug|Any CPU = Debug|Any CPU
		Release|Any CPU = Release|Any CPU
	EndGlobalSection
	GlobalSection(ProjectConfigurationPlatforms) = postSolution
		{957AEDE9-2139-405C-8654-95869C6A1D3B}.Debug|Any CPU.ActiveCfg = Debug|Any CPU
		{957AEDE9-2139-405C-8654-95869C6A1D3B}.Debug|Any CPU.Build.0 = Debug|Any CPU
		{957AEDE9-2139-405C-8654-95869C6A1D3B}.Release|Any CPU.ActiveCfg = Release|Any CPU
		{957AEDE9-2139-405C-8654-95869C6A1D3B}.Release|Any CPU.Build.0 = Release|Any CPU
	EndGlobalSection
	GlobalSection(SolutionProperties) = preSolution
		HideSolutionNode = FALSE
	EndGlobalSection
	GlobalSection(ExtensibilityGlobals) = postSolution
		SolutionGuid = {E5EBC82E-7EDF-4C8C-B9DD-FBCC5E894843}
	EndGlobalSection
EndGlobal
